
Microsoft Visual Studio Solution File, Format Version 12.00
# Visual Studio Version 16
VisualStudioVersion = 16.0.29503.13
MinimumVisualStudioVersion = 10.0.40219.1
Project("{9A19103F-16F7-4668-BE54-9A1E7A4F7556}") = "SeminarskiRS1", "SeminarskiRiS\SeminarskiRS1.csproj", "{86A2A9BD-583F-460E-BFF9-B1A994C81DBF}"
EndProject
Global
	GlobalSection(SolutionConfigurationPlatforms) = preSolution
		Debug|Any CPU = Debug|Any CPU
		Release|Any CPU = Release|Any CPU
	EndGlobalSection
	GlobalSection(ProjectConfigurationPlatforms) = postSolution
		{86A2A9BD-583F-460E-BFF9-B1A994C81DBF}.Debug|Any CPU.ActiveCfg = Debug|Any CPU
		{86A2A9BD-583F-460E-BFF9-B1A994C81DBF}.Debug|Any CPU.Build.0 = Debug|Any CPU
		{86A2A9BD-583F-460E-BFF9-B1A994C81DBF}.Release|Any CPU.ActiveCfg = Release|Any CPU
		{86A2A9BD-583F-460E-BFF9-B1A994C81DBF}.Release|Any CPU.Build.0 = Release|Any CPU
	EndGlobalSection
	GlobalSection(SolutionProperties) = preSolution
		HideSolutionNode = FALSE
	EndGlobalSection
	GlobalSection(ExtensibilityGlobals) = postSolution
		SolutionGuid = {E645CF06-7B0E-4FE3-AD1E-8E9A073B2E0C}
	EndGlobalSection
EndGlobal
